
Microsoft Visual Studio Solution File, Format Version 12.00
# Visual Studio Version 17
VisualStudioVersion = 17.3.32901.215
MinimumVisualStudioVersion = 10.0.40219.1
Project("{FAE04EC0-301F-11D3-BF4B-00C04F79EFBC}") = "Assignment 3 User Test", "Assignment 3 User Test\Assignment 3 User Test.csproj", "{01F59F35-DF4C-4A3B-853D-A3938EF41445}"
EndProject
Global
	GlobalSection(SolutionConfigurationPlatforms) = preSolution
		Debug|Any CPU = Debug|Any CPU
		Release|Any CPU = Release|Any CPU
	EndGlobalSection
	GlobalSection(ProjectConfigurationPlatforms) = postSolution
		{01F59F35-DF4C-4A3B-853D-A3938EF41445}.Debug|Any CPU.ActiveCfg = Debug|Any CPU
		{01F59F35-DF4C-4A3B-853D-A3938EF41445}.Debug|Any CPU.Build.0 = Debug|Any CPU
		{01F59F35-DF4C-4A3B-853D-A3938EF41445}.Release|Any CPU.ActiveCfg = Release|Any CPU
		{01F59F35-DF4C-4A3B-853D-A3938EF41445}.Release|Any CPU.Build.0 = Release|Any CPU
	EndGlobalSection
	GlobalSection(SolutionProperties) = preSolution
		HideSolutionNode = FALSE
	EndGlobalSection
	GlobalSection(ExtensibilityGlobals) = postSolution
		SolutionGuid = {933E36BE-B610-47D1-8C17-1D77C177D860}
	EndGlobalSection
EndGlobal
